
Microsoft Visual Studio Solution File, Format Version 12.00
# Visual Studio 15
Project("{FAE04EC0-301F-11D3-BF4B-00C04F79EFBC}") = "Assembly-CSharp", "Assembly-CSharp.csproj", "{06CB20C7-42E8-09FC-06CD-2E1C3181AAB9}"
EndProject
Global
	GlobalSection(SolutionConfigurationPlatforms) = preSolution
		Debug|Any CPU = Debug|Any CPU
		Release|Any CPU = Release|Any CPU
	EndGlobalSection
	GlobalSection(ProjectConfigurationPlatforms) = postSolution
		{06CB20C7-42E8-09FC-06CD-2E1C3181AAB9}.Debug|Any CPU.ActiveCfg = Debug|Any CPU
		{06CB20C7-42E8-09FC-06CD-2E1C3181AAB9}.Debug|Any CPU.Build.0 = Debug|Any CPU
		{06CB20C7-42E8-09FC-06CD-2E1C3181AAB9}.Release|Any CPU.ActiveCfg = Release|Any CPU
		{06CB20C7-42E8-09FC-06CD-2E1C3181AAB9}.Release|Any CPU.Build.0 = Release|Any CPU
	EndGlobalSection
	GlobalSection(SolutionProperties) = preSolution
		HideSolutionNode = FALSE
	EndGlobalSection
EndGlobal
